
Microsoft Visual Studio Solution File, Format Version 12.00
# Visual Studio Version 17
VisualStudioVersion = 17.6.33723.286
MinimumVisualStudioVersion = 10.0.40219.1
Project("{9A19103F-16F7-4668-BE54-9A1E7A4F7556}") = "ProxyErrorLogHandler", "ProxyErrorLogHandler.csproj", "{97961A72-94C3-48EF-B03B-04054306918E}"
EndProject
Global
	GlobalSection(SolutionConfigurationPlatforms) = preSolution
		Debug|Any CPU = Debug|Any CPU
		Release|Any CPU = Release|Any CPU
	EndGlobalSection
	GlobalSection(ProjectConfigurationPlatforms) = postSolution
		{97961A72-94C3-48EF-B03B-04054306918E}.Debug|Any CPU.ActiveCfg = Debug|Any CPU
		{97961A72-94C3-48EF-B03B-04054306918E}.Debug|Any CPU.Build.0 = Debug|Any CPU
		{97961A72-94C3-48EF-B03B-04054306918E}.Release|Any CPU.ActiveCfg = Release|Any CPU
		{97961A72-94C3-48EF-B03B-04054306918E}.Release|Any CPU.Build.0 = Release|Any CPU
	EndGlobalSection
	GlobalSection(SolutionProperties) = preSolution
		HideSolutionNode = FALSE
	EndGlobalSection
	GlobalSection(ExtensibilityGlobals) = postSolution
		SolutionGuid = {B66C3524-5FB2-47F2-B0B6-4E6DDE7708FA}
	EndGlobalSection
EndGlobal
